PODS:
  - Flutter (1.0.0)
  - saver_gallery (0.0.1):
    - Flutter
  - share_plus (0.0.1):
    - Flutter

DEPENDENCIES:
  - Flutter (from `Flutter`)
  - saver_gallery (from `.symlinks/plugins/saver_gallery/ios`)
  - share_plus (from `.symlinks/plugins/share_plus/ios`)

EXTERNAL SOURCES:
  Flutter:
    :path: Flutter
  saver_gallery:
    :path: ".symlinks/plugins/saver_gallery/ios"
  share_plus:
    :path: ".symlinks/plugins/share_plus/ios"

SPEC CHECKSUMS:
  Flutter: cabc95a1d2626b1b06e7179b784ebcf0c0cde467
  saver_gallery: af2d0c762dafda254e0ad025ef0dabd6506cd490
  share_plus: de6030e33b4e106470e09322d87cf2a4258d2d1d

PODFILE CHECKSUM: 3c63482e143d1b91d2d2560aee9fb04ecc74ac7e

COCOAPODS: 1.16.2
